
Microsoft Visual Studio Solution File, Format Version 12.00
# Visual Studio Version 17
VisualStudioVersion = 17.7.34221.43
MinimumVisualStudioVersion = 10.0.40219.1
Project("{FAE04EC0-301F-11D3-BF4B-00C04F79EFBC}") = "SistemaInventario", "SistemaInventario\SistemaInventario.csproj", "{53A84BDA-4968-44D9-8228-31196292A30E}"
EndProject
Global
	GlobalSection(SolutionConfigurationPlatforms) = preSolution
		Debug|Any CPU = Debug|Any CPU
		Release|Any CPU = Release|Any CPU
	EndGlobalSection
	GlobalSection(ProjectConfigurationPlatforms) = postSolution
		{53A84BDA-4968-44D9-8228-31196292A30E}.Debug|Any CPU.ActiveCfg = Debug|Any CPU
		{53A84BDA-4968-44D9-8228-31196292A30E}.Debug|Any CPU.Build.0 = Debug|Any CPU
		{53A84BDA-4968-44D9-8228-31196292A30E}.Release|Any CPU.ActiveCfg = Release|Any CPU
		{53A84BDA-4968-44D9-8228-31196292A30E}.Release|Any CPU.Build.0 = Release|Any CPU
	EndGlobalSection
	GlobalSection(SolutionProperties) = preSolution
		HideSolutionNode = FALSE
	EndGlobalSection
	GlobalSection(ExtensibilityGlobals) = postSolution
		SolutionGuid = {A5C16D94-0E4A-47F7-89B6-64AAB53521C5}
	EndGlobalSection
EndGlobal
